
Microsoft Visual Studio Solution File, Format Version 12.00
# Visual Studio 2015
Project("{FAE04EC0-301F-11D3-BF4B-00C04F79EFBC}") = "RPGPractice.CSharp", "RPGPractice.CSharp.csproj", "{29EC865D-7E7F-7717-0C48-87237D42CB96}"
EndProject
Global
	GlobalSection(SolutionConfigurationPlatforms) = preSolution
		Debug|Any CPU = Debug|Any CPU
		Release|Any CPU = Release|Any CPU
	EndGlobalSection
	GlobalSection(ProjectConfigurationPlatforms) = postSolution
		{29EC865D-7E7F-7717-0C48-87237D42CB96}.Debug|Any CPU.ActiveCfg = Debug|Any CPU
		{29EC865D-7E7F-7717-0C48-87237D42CB96}.Debug|Any CPU.Build.0 = Debug|Any CPU
		{29EC865D-7E7F-7717-0C48-87237D42CB96}.Release|Any CPU.ActiveCfg = Release|Any CPU
		{29EC865D-7E7F-7717-0C48-87237D42CB96}.Release|Any CPU.Build.0 = Release|Any CPU
	EndGlobalSection
	GlobalSection(SolutionProperties) = preSolution
		HideSolutionNode = FALSE
	EndGlobalSection
EndGlobal
